
Microsoft Visual Studio Solution File, Format Version 12.00
# Visual Studio Version 17
VisualStudioVersion = 17.12.35707.178
MinimumVisualStudioVersion = 10.0.40219.1
Project("{FAE04EC0-301F-11D3-BF4B-00C04F79EFBC}") = "TriviaPvP", "TriviaPvP\TriviaPvP.csproj", "{E1C156C7-BF42-4544-91F1-CD8AF1AFEE7B}"
EndProject
Project("{FAE04EC0-301F-11D3-BF4B-00C04F79EFBC}") = "TriviaPvPCoreAPI", "TriviaPvPCoreAPI\TriviaPvPCoreAPI.csproj", "{146351EA-148D-4BA6-B023-4906AD8C4442}"
EndProject
Global
	GlobalSection(SolutionConfigurationPlatforms) = preSolution
		Debug|Any CPU = Debug|Any CPU
		Release|Any CPU = Release|Any CPU
	EndGlobalSection
	GlobalSection(ProjectConfigurationPlatforms) = postSolution
		{E1C156C7-BF42-4544-91F1-CD8AF1AFEE7B}.Debug|Any CPU.ActiveCfg = Debug|Any CPU
		{E1C156C7-BF42-4544-91F1-CD8AF1AFEE7B}.Debug|Any CPU.Build.0 = Debug|Any CPU
		{E1C156C7-BF42-4544-91F1-CD8AF1AFEE7B}.Release|Any CPU.ActiveCfg = Release|Any CPU
		{E1C156C7-BF42-4544-91F1-CD8AF1AFEE7B}.Release|Any CPU.Build.0 = Release|Any CPU
		{146351EA-148D-4BA6-B023-4906AD8C4442}.Debug|Any CPU.ActiveCfg = Debug|Any CPU
		{146351EA-148D-4BA6-B023-4906AD8C4442}.Debug|Any CPU.Build.0 = Debug|Any CPU
		{146351EA-148D-4BA6-B023-4906AD8C4442}.Release|Any CPU.ActiveCfg = Release|Any CPU
		{146351EA-148D-4BA6-B023-4906AD8C4442}.Release|Any CPU.Build.0 = Release|Any CPU
	EndGlobalSection
	GlobalSection(SolutionProperties) = preSolution
		HideSolutionNode = FALSE
	EndGlobalSection
EndGlobal
